github.com/PaloAltoNetworks/pango v0.10.2/go.mod h1:GztcRnVLur7G+VFG7Z5ZKNFgScLtsycwPMp1qVebE5g=
github.com/PaloAltoNetworks/pango v0.10.3-0.20240308150716-638262802beb/go.mod h1:rBeRstPWCr2u0qi8w4kbBAzbnhtdq33OLrJBg6sJSqk=
github.com/hashicorp/terraform-plugin-docs v0.18.0/go.mod h1:iIUfaJpdUmpi+rI42Kgq+63jAjI8aZVTyxp3Bvk9Hg8=
github.com/hashicorp/terraform-plugin-framework v1.5.0/go.mod h1:6waavirukIlFpVpthbGd2PUNYaFedB0RwW3MDzJ/rtc=
github.com/hashicorp/terraform-plugin-framework-validators v0.12.0/go.mod h1:jfHGE/gzjxYz6XoUwi/aYiiKrJDeutQNUtGQXkaHklg=
github.com/hashicorp/terraform-plugin-log v0.9.0/go.mod h1:rKL8egZQ/eXSyDqzLUuwUYLVdlYeamldAHSxjUFADow=
